
Microsoft Visual Studio Solution File, Format Version 12.00
# Visual Studio Version 17
VisualStudioVersion = 17.4.33205.214
MinimumVisualStudioVersion = 10.0.40219.1
Project("{FAE04EC0-301F-11D3-BF4B-00C04F79EFBC}") = "Game_Uss", "Game_Uss\Game_Uss.csproj", "{C7706910-F3F3-44A0-BE65-354CE97D9476}"
EndProject
Global
	GlobalSection(SolutionConfigurationPlatforms) = preSolution
		Debug|Any CPU = Debug|Any CPU
		Release|Any CPU = Release|Any CPU
	EndGlobalSection
	GlobalSection(ProjectConfigurationPlatforms) = postSolution
		{C7706910-F3F3-44A0-BE65-354CE97D9476}.Debug|Any CPU.ActiveCfg = Debug|Any CPU
		{C7706910-F3F3-44A0-BE65-354CE97D9476}.Debug|Any CPU.Build.0 = Debug|Any CPU
		{C7706910-F3F3-44A0-BE65-354CE97D9476}.Release|Any CPU.ActiveCfg = Release|Any CPU
		{C7706910-F3F3-44A0-BE65-354CE97D9476}.Release|Any CPU.Build.0 = Release|Any CPU
	EndGlobalSection
	GlobalSection(SolutionProperties) = preSolution
		HideSolutionNode = FALSE
	EndGlobalSection
	GlobalSection(ExtensibilityGlobals) = postSolution
		SolutionGuid = {48FE3C99-3693-461B-BBC4-C6F7A527CE8A}
	EndGlobalSection
EndGlobal
